{
  "name": "HandleData",
  "lockfileVersion": 3,
  "requires": true,
  "packages": {
    "": {
      "dependencies": {
        "csv-parse": "^5.5.5",
        "papaparse": "^5.4.1"
      }
    },
    "node_modules/csv-parse": {
      "version": "5.5.5",
      "resolved": "https://registry.npmjs.org/csv-parse/-/csv-parse-5.5.5.tgz",
      "integrity": "sha512-erCk7tyU3yLWAhk6wvKxnyPtftuy/6Ak622gOO7BCJ05+TYffnPCJF905wmOQm+BpkX54OdAl8pveJwUdpnCXQ=="
    },
    "node_modules/papaparse": {
      "version": "5.4.1",
      "resolved": "https://registry.npmjs.org/papaparse/-/papaparse-5.4.1.tgz",
      "integrity": "sha512-HipMsgJkZu8br23pW15uvo6sib6wne/4woLZPlFf3rpDyMe9ywEXUsuD7+6K9PRkJlVT51j/sCOYDKGGS3ZJrw=="
    }
  }
}
